
Microsoft Visual Studio Solution File, Format Version 12.00
# Visual Studio 15
VisualStudioVersion = 15.0.27703.2035
MinimumVisualStudioVersion = 10.0.40219.1
Project("{FAE04EC0-301F-11D3-BF4B-00C04F79EFBC}") = "MyLinphoneAppTest.Android", "MyLinphoneAppTest\MyLinphoneAppTest.Android\MyLinphoneAppTest.Android.csproj", "{4799E6FA-83F2-4F0E-A8BB-9011F4117BE7}"
EndProject
Project("{FAE04EC0-301F-11D3-BF4B-00C04F79EFBC}") = "MyLinphoneAppTest.iOS", "MyLinphoneAppTest\MyLinphoneAppTest.iOS\MyLinphoneAppTest.iOS.csproj", "{27AB3C45-D545-4C25-9E94-0B93D5D8D9E9}"
EndProject
Project("{FAE04EC0-301F-11D3-BF4B-00C04F79EFBC}") = "MyLinphoneAppTest.UWP", "MyLinphoneAppTest\MyLinphoneAppTest.UWP\MyLinphoneAppTest.UWP.csproj", "{A35D7F33-DF88-4AF3-AF5E-357C827680DC}"
EndProject
Project("{9A19103F-16F7-4668-BE54-9A1E7A4F7556}") = "MyLinphoneAppTest", "MyLinphoneAppTest\MyLinphoneAppTest\MyLinphoneAppTest.csproj", "{D4FDA813-9E24-433E-B002-D0BEBFF9679B}"
EndProject
Project("{FAE04EC0-301F-11D3-BF4B-00C04F79EFBC}") = "LiblinphoneAar", "LiblinphoneAar\LiblinphoneAar.csproj", "{EF6AC44E-E917-4B43-8A96-53BA1DFCE44A}"
EndProject
Project("{2150E333-8FDC-42A3-9474-1A3956D46DE8}") = "LibLinphoneFolder", "LibLinphoneFolder", "{19464DBF-EAD1-490E-BE60-616595DF9AB2}"
EndProject
Project("{FAE04EC0-301F-11D3-BF4B-00C04F79EFBC}") = "LibLinphone.Android", "LibLinphone.Android\LibLinphone.Android.csproj", "{4FEE542E-9CC3-4263-9C82-6725A49E842F}"
EndProject
Project("{FAE04EC0-301F-11D3-BF4B-00C04F79EFBC}") = "LibLinphone.forms", "LibLinphone.forms\LibLinphone.forms.csproj", "{F497B108-2B12-49A5-99B3-B3DB12D0A0E2}"
EndProject
Global
	GlobalSection(SolutionConfigurationPlatforms) = preSolution
		Ad-Hoc|Any CPU = Ad-Hoc|Any CPU
		Ad-Hoc|ARM = Ad-Hoc|ARM
		Ad-Hoc|iPhone = Ad-Hoc|iPhone
		Ad-Hoc|iPhoneSimulator = Ad-Hoc|iPhoneSimulator
		Ad-Hoc|x64 = Ad-Hoc|x64
		Ad-Hoc|x86 = Ad-Hoc|x86
		AppStore|Any CPU = AppStore|Any CPU
		AppStore|ARM = AppStore|ARM
		AppStore|iPhone = AppStore|iPhone
		AppStore|iPhoneSimulator = AppStore|iPhoneSimulator
		AppStore|x64 = AppStore|x64
		AppStore|x86 = AppStore|x86
		Debug|Any CPU = Debug|Any CPU
		Debug|ARM = Debug|ARM
		Debug|iPhone = Debug|iPhone
		Debug|iPhoneSimulator = Debug|iPhoneSimulator
		Debug|x64 = Debug|x64
		Debug|x86 = Debug|x86
		Release|Any CPU = Release|Any CPU
		Release|ARM = Release|ARM
		Release|iPhone = Release|iPhone
		Release|iPhoneSimulator = Release|iPhoneSimulator
		Release|x64 = Release|x64
		Release|x86 = Release|x86
	EndGlobalSection
	GlobalSection(ProjectConfigurationPlatforms) = postSolution
		{4799E6FA-83F2-4F0E-A8BB-9011F4117BE7}.Ad-Hoc|Any CPU.ActiveCfg = Release|Any CPU
		{4799E6FA-83F2-4F0E-A8BB-9011F4117BE7}.Ad-Hoc|Any CPU.Build.0 = Release|Any CPU
		{4799E6FA-83F2-4F0E-A8BB-9011F4117BE7}.Ad-Hoc|Any CPU.Deploy.0 = Release|Any CPU
		{4799E6FA-83F2-4F0E-A8BB-9011F4117BE7}.Ad-Hoc|ARM.ActiveCfg = Release|Any CPU
		{4799E6FA-83F2-4F0E-A8BB-9011F4117BE7}.Ad-Hoc|ARM.Build.0 = Release|Any CPU
		{4799E6FA-83F2-4F0E-A8BB-9011F4117BE7}.Ad-Hoc|ARM.Deploy.0 = Release|Any CPU
		{4799E6FA-83F2-4F0E-A8BB-9011F4117BE7}.Ad-Hoc|iPhone.ActiveCfg = Release|Any CPU
		{4799E6FA-83F2-4F0E-A8BB-9011F4117BE7}.Ad-Hoc|iPhone.Build.0 = Release|Any CPU
		{4799E6FA-83F2-4F0E-A8BB-9011F4117BE7}.Ad-Hoc|iPhone.Deploy.0 = Release|Any CPU
		{4799E6FA-83F2-4F0E-A8BB-9011F4117BE7}.Ad-Hoc|iPhoneSimulator.ActiveCfg = Release|Any CPU
		{4799E6FA-83F2-4F0E-A8BB-9011F4117BE7}.Ad-Hoc|iPhoneSimulator.Build.0 = Release|Any CPU
		{4799E6FA-83F2-4F0E-A8BB-9011F4117BE7}.Ad-Hoc|iPhoneSimulator.Deploy.0 = Release|Any CPU
		{4799E6FA-83F2-4F0E-A8BB-9011F4117BE7}.Ad-Hoc|x64.ActiveCfg = Release|Any CPU
		{4799E6FA-83F2-4F0E-A8BB-9011F4117BE7}.Ad-Hoc|x64.Build.0 = Release|Any CPU
		{4799E6FA-83F2-4F0E-A8BB-9011F4117BE7}.Ad-Hoc|x64.Deploy.0 = Release|Any CPU
		{4799E6FA-83F2-4F0E-A8BB-9011F4117BE7}.Ad-Hoc|x86.ActiveCfg = Release|Any CPU
		{4799E6FA-83F2-4F0E-A8BB-9011F4117BE7}.Ad-Hoc|x86.Build.0 = Release|Any CPU
		{4799E6FA-83F2-4F0E-A8BB-9011F4117BE7}.Ad-Hoc|x86.Deploy.0 = Release|Any CPU
		{4799E6FA-83F2-4F0E-A8BB-9011F4117BE7}.AppStore|Any CPU.ActiveCfg = Release|Any CPU
		{4799E6FA-83F2-4F0E-A8BB-9011F4117BE7}.AppStore|Any CPU.Build.0 = Release|Any CPU
		{4799E6FA-83F2-4F0E-A8BB-9011F4117BE7}.AppStore|Any CPU.Deploy.0 = Release|Any CPU
		{4799E6FA-83F2-4F0E-A8BB-9011F4117BE7}.AppStore|ARM.ActiveCfg = Release|Any CPU
		{4799E6FA-83F2-4F0E-A8BB-9011F4117BE7}.AppStore|ARM.Build.0 = Release|Any CPU
		{4799E6FA-83F2-4F0E-A8BB-9011F4117BE7}.AppStore|ARM.Deploy.0 = Release|Any CPU
		{4799E6FA-83F2-4F0E-A8BB-9011F4117BE7}.AppStore|iPhone.ActiveCfg = Release|Any CPU
		{4799E6FA-83F2-4F0E-A8BB-9011F4117BE7}.AppStore|iPhone.Build.0 = Release|Any CPU
		{4799E6FA-83F2-4F0E-A8BB-9011F4117BE7}.AppStore|iPhone.Deploy.0 = Release|Any CPU
		{4799E6FA-83F2-4F0E-A8BB-9011F4117BE7}.AppStore|iPhoneSimulator.ActiveCfg = Release|Any CPU
		{4799E6FA-83F2-4F0E-A8BB-9011F4117BE7}.AppStore|iPhoneSimulator.Build.0 = Release|Any CPU
		{4799E6FA-83F2-4F0E-A8BB-9011F4117BE7}.AppStore|iPhoneSimulator.Deploy.0 = Release|Any CPU
		{4799E6FA-83F2-4F0E-A8BB-9011F4117BE7}.AppStore|x64.ActiveCfg = Release|Any CPU
		{4799E6FA-83F2-4F0E-A8BB-9011F4117BE7}.AppStore|x64.Build.0 = Release|Any CPU
		{4799E6FA-83F2-4F0E-A8BB-9011F4117BE7}.AppStore|x64.Deploy.0 = Release|Any CPU
		{4799E6FA-83F2-4F0E-A8BB-9011F4117BE7}.AppStore|x86.ActiveCfg = Release|Any CPU
		{4799E6FA-83F2-4F0E-A8BB-9011F4117BE7}.AppStore|x86.Build.0 = Release|Any CPU
		{4799E6FA-83F2-4F0E-A8BB-9011F4117BE7}.AppStore|x86.Deploy.0 = Release|Any CPU
		{4799E6FA-83F2-4F0E-A8BB-9011F4117BE7}.Debug|Any CPU.ActiveCfg = Debug|Any CPU
		{4799E6FA-83F2-4F0E-A8BB-9011F4117BE7}.Debug|Any CPU.Build.0 = Debug|Any CPU
		{4799E6FA-83F2-4F0E-A8BB-9011F4117BE7}.Debug|Any CPU.Deploy.0 = Debug|Any CPU
		{4799E6FA-83F2-4F0E-A8BB-9011F4117BE7}.Debug|ARM.ActiveCfg = Debug|Any CPU
		{4799E6FA-83F2-4F0E-A8BB-9011F4117BE7}.Debug|ARM.Build.0 = Debug|Any CPU
		{4799E6FA-83F2-4F0E-A8BB-9011F4117BE7}.Debug|ARM.Deploy.0 = Debug|Any CPU
		{4799E6FA-83F2-4F0E-A8BB-9011F4117BE7}.Debug|iPhone.ActiveCfg = Debug|Any CPU
		{4799E6FA-83F2-4F0E-A8BB-9011F4117BE7}.Debug|iPhone.Build.0 = Debug|Any CPU
		{4799E6FA-83F2-4F0E-A8BB-9011F4117BE7}.Debug|iPhone.Deploy.0 = Debug|Any CPU
		{4799E6FA-83F2-4F0E-A8BB-9011F4117BE7}.Debug|iPhoneSimulator.ActiveCfg = Debug|Any CPU
		{4799E6FA-83F2-4F0E-A8BB-9011F4117BE7}.Debug|iPhoneSimulator.Build.0 = Debug|Any CPU
		{4799E6FA-83F2-4F0E-A8BB-9011F4117BE7}.Debug|iPhoneSimulator.Deploy.0 = Debug|Any CPU
		{4799E6FA-83F2-4F0E-A8BB-9011F4117BE7}.Debug|x64.ActiveCfg = Debug|Any CPU
		{4799E6FA-83F2-4F0E-A8BB-9011F4117BE7}.Debug|x64.Build.0 = Debug|Any CPU
		{4799E6FA-83F2-4F0E-A8BB-9011F4117BE7}.Debug|x64.Deploy.0 = Debug|Any CPU
		{4799E6FA-83F2-4F0E-A8BB-9011F4117BE7}.Debug|x86.ActiveCfg = Debug|Any CPU
		{4799E6FA-83F2-4F0E-A8BB-9011F4117BE7}.Debug|x86.Build.0 = Debug|Any CPU
		{4799E6FA-83F2-4F0E-A8BB-9011F4117BE7}.Debug|x86.Deploy.0 = Debug|Any CPU
		{4799E6FA-83F2-4F0E-A8BB-9011F4117BE7}.Release|Any CPU.ActiveCfg = Release|Any CPU
		{4799E6FA-83F2-4F0E-A8BB-9011F4117BE7}.Release|Any CPU.Build.0 = Release|Any CPU
		{4799E6FA-83F2-4F0E-A8BB-9011F4117BE7}.Release|Any CPU.Deploy.0 = Release|Any CPU
		{4799E6FA-83F2-4F0E-A8BB-9011F4117BE7}.Release|ARM.ActiveCfg = Release|Any CPU
		{4799E6FA-83F2-4F0E-A8BB-9011F4117BE7}.Release|ARM.Build.0 = Release|Any CPU
		{4799E6FA-83F2-4F0E-A8BB-9011F4117BE7}.Release|ARM.Deploy.0 = Release|Any CPU
		{4799E6FA-83F2-4F0E-A8BB-9011F4117BE7}.Release|iPhone.ActiveCfg = Release|Any CPU
		{4799E6FA-83F2-4F0E-A8BB-9011F4117BE7}.Release|iPhone.Build.0 = Release|Any CPU
		{4799E6FA-83F2-4F0E-A8BB-9011F4117BE7}.Release|iPhone.Deploy.0 = Release|Any CPU
		{4799E6FA-83F2-4F0E-A8BB-9011F4117BE7}.Release|iPhoneSimulator.ActiveCfg = Release|Any CPU
		{4799E6FA-83F2-4F0E-A8BB-9011F4117BE7}.Release|iPhoneSimulator.Build.0 = Release|Any CPU
		{4799E6FA-83F2-4F0E-A8BB-9011F4117BE7}.Release|iPhoneSimulator.Deploy.0 = Release|Any CPU
		{4799E6FA-83F2-4F0E-A8BB-9011F4117BE7}.Release|x64.ActiveCfg = Release|Any CPU
		{4799E6FA-83F2-4F0E-A8BB-9011F4117BE7}.Release|x64.Build.0 = Release|Any CPU
		{4799E6FA-83F2-4F0E-A8BB-9011F4117BE7}.Release|x64.Deploy.0 = Release|Any CPU
		{4799E6FA-83F2-4F0E-A8BB-9011F4117BE7}.Release|x86.ActiveCfg = Release|Any CPU
		{4799E6FA-83F2-4F0E-A8BB-9011F4117BE7}.Release|x86.Build.0 = Release|Any CPU
		{4799E6FA-83F2-4F0E-A8BB-9011F4117BE7}.Release|x86.Deploy.0 = Release|Any CPU
		{27AB3C45-D545-4C25-9E94-0B93D5D8D9E9}.Ad-Hoc|Any CPU.ActiveCfg = Ad-Hoc|iPhone
		{27AB3C45-D545-4C25-9E94-0B93D5D8D9E9}.Ad-Hoc|Any CPU.Build.0 = Ad-Hoc|iPhone
		{27AB3C45-D545-4C25-9E94-0B93D5D8D9E9}.Ad-Hoc|Any CPU.Deploy.0 = Ad-Hoc|iPhone
		{27AB3C45-D545-4C25-9E94-0B93D5D8D9E9}.Ad-Hoc|ARM.ActiveCfg = Ad-Hoc|iPhone
		{27AB3C45-D545-4C25-9E94-0B93D5D8D9E9}.Ad-Hoc|ARM.Build.0 = Ad-Hoc|iPhone
		{27AB3C45-D545-4C25-9E94-0B93D5D8D9E9}.Ad-Hoc|ARM.Deploy.0 = Ad-Hoc|iPhone
		{27AB3C45-D545-4C25-9E94-0B93D5D8D9E9}.Ad-Hoc|iPhone.ActiveCfg = Ad-Hoc|iPhone
		{27AB3C45-D545-4C25-9E94-0B93D5D8D9E9}.Ad-Hoc|iPhone.Build.0 = Ad-Hoc|iPhone
		{27AB3C45-D545-4C25-9E94-0B93D5D8D9E9}.Ad-Hoc|iPhone.Deploy.0 = Ad-Hoc|iPhone
		{27AB3C45-D545-4C25-9E94-0B93D5D8D9E9}.Ad-Hoc|iPhoneSimulator.ActiveCfg = Ad-Hoc|iPhoneSimulator
		{27AB3C45-D545-4C25-9E94-0B93D5D8D9E9}.Ad-Hoc|iPhoneSimulator.Build.0 = Ad-Hoc|iPhoneSimulator
		{27AB3C45-D545-4C25-9E94-0B93D5D8D9E9}.Ad-Hoc|iPhoneSimulator.Deploy.0 = Ad-Hoc|iPhoneSimulator
		{27AB3C45-D545-4C25-9E94-0B93D5D8D9E9}.Ad-Hoc|x64.ActiveCfg = Ad-Hoc|iPhone
		{27AB3C45-D545-4C25-9E94-0B93D5D8D9E9}.Ad-Hoc|x64.Build.0 = Ad-Hoc|iPhone
		{27AB3C45-D545-4C25-9E94-0B93D5D8D9E9}.Ad-Hoc|x64.Deploy.0 = Ad-Hoc|iPhone
		{27AB3C45-D545-4C25-9E94-0B93D5D8D9E9}.Ad-Hoc|x86.ActiveCfg = Ad-Hoc|iPhone
		{27AB3C45-D545-4C25-9E94-0B93D5D8D9E9}.Ad-Hoc|x86.Build.0 = Ad-Hoc|iPhone
		{27AB3C45-D545-4C25-9E94-0B93D5D8D9E9}.Ad-Hoc|x86.Deploy.0 = Ad-Hoc|iPhone
		{27AB3C45-D545-4C25-9E94-0B93D5D8D9E9}.AppStore|Any CPU.ActiveCfg = AppStore|iPhone
		{27AB3C45-D545-4C25-9E94-0B93D5D8D9E9}.AppStore|Any CPU.Build.0 = AppStore|iPhone
		{27AB3C45-D545-4C25-9E94-0B93D5D8D9E9}.AppStore|Any CPU.Deploy.0 = AppStore|iPhone
		{27AB3C45-D545-4C25-9E94-0B93D5D8D9E9}.AppStore|ARM.ActiveCfg = AppStore|iPhone
		{27AB3C45-D545-4C25-9E94-0B93D5D8D9E9}.AppStore|ARM.Build.0 = AppStore|iPhone
		{27AB3C45-D545-4C25-9E94-0B93D5D8D9E9}.AppStore|ARM.Deploy.0 = AppStore|iPhone
		{27AB3C45-D545-4C25-9E94-0B93D5D8D9E9}.AppStore|iPhone.ActiveCfg = AppStore|iPhone
		{27AB3C45-D545-4C25-9E94-0B93D5D8D9E9}.AppStore|iPhone.Build.0 = AppStore|iPhone
		{27AB3C45-D545-4C25-9E94-0B93D5D8D9E9}.AppStore|iPhone.Deploy.0 = AppStore|iPhone
		{27AB3C45-D545-4C25-9E94-0B93D5D8D9E9}.AppStore|iPhoneSimulator.ActiveCfg = AppStore|iPhoneSimulator
		{27AB3C45-D545-4C25-9E94-0B93D5D8D9E9}.AppStore|iPhoneSimulator.Build.0 = AppStore|iPhoneSimulator
		{27AB3C45-D545-4C25-9E94-0B93D5D8D9E9}.AppStore|iPhoneSimulator.Deploy.0 = AppStore|iPhoneSimulator
		{27AB3C45-D545-4C25-9E94-0B93D5D8D9E9}.AppStore|x64.ActiveCfg = AppStore|iPhone
		{27AB3C45-D545-4C25-9E94-0B93D5D8D9E9}.AppStore|x64.Build.0 = AppStore|iPhone
		{27AB3C45-D545-4C25-9E94-0B93D5D8D9E9}.AppStore|x64.Deploy.0 = AppStore|iPhone
		{27AB3C45-D545-4C25-9E94-0B93D5D8D9E9}.AppStore|x86.ActiveCfg = AppStore|iPhone
		{27AB3C45-D545-4C25-9E94-0B93D5D8D9E9}.AppStore|x86.Build.0 = AppStore|iPhone
		{27AB3C45-D545-4C25-9E94-0B93D5D8D9E9}.AppStore|x86.Deploy.0 = AppStore|iPhone
		{27AB3C45-D545-4C25-9E94-0B93D5D8D9E9}.Debug|Any CPU.ActiveCfg = Debug|iPhoneSimulator
		{27AB3C45-D545-4C25-9E94-0B93D5D8D9E9}.Debug|Any CPU.Build.0 = Debug|iPhoneSimulator
		{27AB3C45-D545-4C25-9E94-0B93D5D8D9E9}.Debug|Any CPU.Deploy.0 = Debug|iPhoneSimulator
		{27AB3C45-D545-4C25-9E94-0B93D5D8D9E9}.Debug|ARM.ActiveCfg = Debug|iPhone
		{27AB3C45-D545-4C25-9E94-0B93D5D8D9E9}.Debug|ARM.Build.0 = Debug|iPhone
		{27AB3C45-D545-4C25-9E94-0B93D5D8D9E9}.Debug|ARM.Deploy.0 = Debug|iPhone
		{27AB3C45-D545-4C25-9E94-0B93D5D8D9E9}.Debug|iPhone.ActiveCfg = Debug|iPhone
		{27AB3C45-D545-4C25-9E94-0B93D5D8D9E9}.Debug|iPhone.Build.0 = Debug|iPhone
		{27AB3C45-D545-4C25-9E94-0B93D5D8D9E9}.Debug|iPhone.Deploy.0 = Debug|iPhone
		{27AB3C45-D545-4C25-9E94-0B93D5D8D9E9}.Debug|iPhoneSimulator.ActiveCfg = Debug|iPhoneSimulator
		{27AB3C45-D545-4C25-9E94-0B93D5D8D9E9}.Debug|iPhoneSimulator.Build.0 = Debug|iPhoneSimulator
		{27AB3C45-D545-4C25-9E94-0B93D5D8D9E9}.Debug|iPhoneSimulator.Deploy.0 = Debug|iPhoneSimulator
		{27AB3C45-D545-4C25-9E94-0B93D5D8D9E9}.Debug|x64.ActiveCfg = Debug|iPhone
		{27AB3C45-D545-4C25-9E94-0B93D5D8D9E9}.Debug|x64.Build.0 = Debug|iPhone
		{27AB3C45-D545-4C25-9E94-0B93D5D8D9E9}.Debug|x64.Deploy.0 = Debug|iPhone
		{27AB3C45-D545-4C25-9E94-0B93D5D8D9E9}.Debug|x86.ActiveCfg = Debug|iPhone
		{27AB3C45-D545-4C25-9E94-0B93D5D8D9E9}.Debug|x86.Build.0 = Debug|iPhone
		{27AB3C45-D545-4C25-9E94-0B93D5D8D9E9}.Debug|x86.Deploy.0 = Debug|iPhone
		{27AB3C45-D545-4C25-9E94-0B93D5D8D9E9}.Release|Any CPU.ActiveCfg = Release|iPhone
		{27AB3C45-D545-4C25-9E94-0B93D5D8D9E9}.Release|Any CPU.Build.0 = Release|iPhone
		{27AB3C45-D545-4C25-9E94-0B93D5D8D9E9}.Release|Any CPU.Deploy.0 = Release|iPhone
		{27AB3C45-D545-4C25-9E94-0B93D5D8D9E9}.Release|ARM.ActiveCfg = Release|iPhone
		{27AB3C45-D545-4C25-9E94-0B93D5D8D9E9}.Release|ARM.Build.0 = Release|iPhone
		{27AB3C45-D545-4C25-9E94-0B93D5D8D9E9}.Release|ARM.Deploy.0 = Release|iPhone
		{27AB3C45-D545-4C25-9E94-0B93D5D8D9E9}.Release|iPhone.ActiveCfg = Release|iPhone
		{27AB3C45-D545-4C25-9E94-0B93D5D8D9E9}.Release|iPhone.Build.0 = Release|iPhone
		{27AB3C45-D545-4C25-9E94-0B93D5D8D9E9}.Release|iPhone.Deploy.0 = Release|iPhone
		{27AB3C45-D545-4C25-9E94-0B93D5D8D9E9}.Release|iPhoneSimulator.ActiveCfg = Release|iPhoneSimulator
		{27AB3C45-D545-4C25-9E94-0B93D5D8D9E9}.Release|iPhoneSimulator.Build.0 = Release|iPhoneSimulator
		{27AB3C45-D545-4C25-9E94-0B93D5D8D9E9}.Release|iPhoneSimulator.Deploy.0 = Release|iPhoneSimulator
		{27AB3C45-D545-4C25-9E94-0B93D5D8D9E9}.Release|x64.ActiveCfg = Release|iPhone
		{27AB3C45-D545-4C25-9E94-0B93D5D8D9E9}.Release|x64.Build.0 = Release|iPhone
		{27AB3C45-D545-4C25-9E94-0B93D5D8D9E9}.Release|x64.Deploy.0 = Release|iPhone
		{27AB3C45-D545-4C25-9E94-0B93D5D8D9E9}.Release|x86.ActiveCfg = Release|iPhone
		{27AB3C45-D545-4C25-9E94-0B93D5D8D9E9}.Release|x86.Build.0 = Release|iPhone
		{27AB3C45-D545-4C25-9E94-0B93D5D8D9E9}.Release|x86.Deploy.0 = Release|iPhone
		{A35D7F33-DF88-4AF3-AF5E-357C827680DC}.Ad-Hoc|Any CPU.ActiveCfg = Release|x86
		{A35D7F33-DF88-4AF3-AF5E-357C827680DC}.Ad-Hoc|Any CPU.Build.0 = Release|x86
		{A35D7F33-DF88-4AF3-AF5E-357C827680DC}.Ad-Hoc|Any CPU.Deploy.0 = Release|x86
		{A35D7F33-DF88-4AF3-AF5E-357C827680DC}.Ad-Hoc|ARM.ActiveCfg = Release|ARM
		{A35D7F33-DF88-4AF3-AF5E-357C827680DC}.Ad-Hoc|ARM.Build.0 = Release|ARM
		{A35D7F33-DF88-4AF3-AF5E-357C827680DC}.Ad-Hoc|ARM.Deploy.0 = Release|ARM
		{A35D7F33-DF88-4AF3-AF5E-357C827680DC}.Ad-Hoc|iPhone.ActiveCfg = Release|x86
		{A35D7F33-DF88-4AF3-AF5E-357C827680DC}.Ad-Hoc|iPhone.Build.0 = Release|x86
		{A35D7F33-DF88-4AF3-AF5E-357C827680DC}.Ad-Hoc|iPhone.Deploy.0 = Release|x86
		{A35D7F33-DF88-4AF3-AF5E-357C827680DC}.Ad-Hoc|iPhoneSimulator.ActiveCfg = Release|x86
		{A35D7F33-DF88-4AF3-AF5E-357C827680DC}.Ad-Hoc|iPhoneSimulator.Build.0 = Release|x86
		{A35D7F33-DF88-4AF3-AF5E-357C827680DC}.Ad-Hoc|iPhoneSimulator.Deploy.0 = Release|x86
		{A35D7F33-DF88-4AF3-AF5E-357C827680DC}.Ad-Hoc|x64.ActiveCfg = Release|x64
		{A35D7F33-DF88-4AF3-AF5E-357C827680DC}.Ad-Hoc|x64.Build.0 = Release|x64
		{A35D7F33-DF88-4AF3-AF5E-357C827680DC}.Ad-Hoc|x64.Deploy.0 = Release|x64
		{A35D7F33-DF88-4AF3-AF5E-357C827680DC}.Ad-Hoc|x86.ActiveCfg = Release|x86
		{A35D7F33-DF88-4AF3-AF5E-357C827680DC}.Ad-Hoc|x86.Build.0 = Release|x86
		{A35D7F33-DF88-4AF3-AF5E-357C827680DC}.Ad-Hoc|x86.Deploy.0 = Release|x86
		{A35D7F33-DF88-4AF3-AF5E-357C827680DC}.AppStore|Any CPU.ActiveCfg = Release|x86
		{A35D7F33-DF88-4AF3-AF5E-357C827680DC}.AppStore|Any CPU.Build.0 = Release|x86
		{A35D7F33-DF88-4AF3-AF5E-357C827680DC}.AppStore|Any CPU.Deploy.0 = Release|x86
		{A35D7F33-DF88-4AF3-AF5E-357C827680DC}.AppStore|ARM.ActiveCfg = Release|ARM
		{A35D7F33-DF88-4AF3-AF5E-357C827680DC}.AppStore|ARM.Build.0 = Release|ARM
		{A35D7F33-DF88-4AF3-AF5E-357C827680DC}.AppStore|ARM.Deploy.0 = Release|ARM
		{A35D7F33-DF88-4AF3-AF5E-357C827680DC}.AppStore|iPhone.ActiveCfg = Release|x86
		{A35D7F33-DF88-4AF3-AF5E-357C827680DC}.AppStore|iPhone.Build.0 = Release|x86
		{A35D7F33-DF88-4AF3-AF5E-357C827680DC}.AppStore|iPhone.Deploy.0 = Release|x86
		{A35D7F33-DF88-4AF3-AF5E-357C827680DC}.AppStore|iPhoneSimulator.ActiveCfg = Release|x86
		{A35D7F33-DF88-4AF3-AF5E-357C827680DC}.AppStore|iPhoneSimulator.Build.0 = Release|x86
		{A35D7F33-DF88-4AF3-AF5E-357C827680DC}.AppStore|iPhoneSimulator.Deploy.0 = Release|x86
		{A35D7F33-DF88-4AF3-AF5E-357C827680DC}.AppStore|x64.ActiveCfg = Release|x64
		{A35D7F33-DF88-4AF3-AF5E-357C827680DC}.AppStore|x64.Build.0 = Release|x64
		{A35D7F33-DF88-4AF3-AF5E-357C827680DC}.AppStore|x64.Deploy.0 = Release|x64
		{A35D7F33-DF88-4AF3-AF5E-357C827680DC}.AppStore|x86.ActiveCfg = Release|x86
		{A35D7F33-DF88-4AF3-AF5E-357C827680DC}.AppStore|x86.Build.0 = Release|x86
		{A35D7F33-DF88-4AF3-AF5E-357C827680DC}.AppStore|x86.Deploy.0 = Release|x86
		{A35D7F33-DF88-4AF3-AF5E-357C827680DC}.Debug|Any CPU.ActiveCfg = Debug|x86
		{A35D7F33-DF88-4AF3-AF5E-357C827680DC}.Debug|Any CPU.Build.0 = Debug|x86
		{A35D7F33-DF88-4AF3-AF5E-357C827680DC}.Debug|Any CPU.Deploy.0 = Debug|x86
		{A35D7F33-DF88-4AF3-AF5E-357C827680DC}.Debug|ARM.ActiveCfg = Debug|ARM
		{A35D7F33-DF88-4AF3-AF5E-357C827680DC}.Debug|ARM.Build.0 = Debug|ARM
		{A35D7F33-DF88-4AF3-AF5E-357C827680DC}.Debug|ARM.Deploy.0 = Debug|ARM
		{A35D7F33-DF88-4AF3-AF5E-357C827680DC}.Debug|iPhone.ActiveCfg = Debug|x86
		{A35D7F33-DF88-4AF3-AF5E-357C827680DC}.Debug|iPhone.Build.0 = Debug|x86
		{A35D7F33-DF88-4AF3-AF5E-357C827680DC}.Debug|iPhone.Deploy.0 = Debug|x86
		{A35D7F33-DF88-4AF3-AF5E-357C827680DC}.Debug|iPhoneSimulator.ActiveCfg = Debug|x86
		{A35D7F33-DF88-4AF3-AF5E-357C827680DC}.Debug|iPhoneSimulator.Build.0 = Debug|x86
		{A35D7F33-DF88-4AF3-AF5E-357C827680DC}.Debug|iPhoneSimulator.Deploy.0 = Debug|x86
		{A35D7F33-DF88-4AF3-AF5E-357C827680DC}.Debug|x64.ActiveCfg = Debug|x64
		{A35D7F33-DF88-4AF3-AF5E-357C827680DC}.Debug|x64.Build.0 = Debug|x64
		{A35D7F33-DF88-4AF3-AF5E-357C827680DC}.Debug|x64.Deploy.0 = Debug|x64
		{A35D7F33-DF88-4AF3-AF5E-357C827680DC}.Debug|x86.ActiveCfg = Debug|x86
		{A35D7F33-DF88-4AF3-AF5E-357C827680DC}.Debug|x86.Build.0 = Debug|x86
		{A35D7F33-DF88-4AF3-AF5E-357C827680DC}.Debug|x86.Deploy.0 = Debug|x86
		{A35D7F33-DF88-4AF3-AF5E-357C827680DC}.Release|Any CPU.ActiveCfg = Release|x86
		{A35D7F33-DF88-4AF3-AF5E-357C827680DC}.Release|Any CPU.Build.0 = Release|x86
		{A35D7F33-DF88-4AF3-AF5E-357C827680DC}.Release|Any CPU.Deploy.0 = Release|x86
		{A35D7F33-DF88-4AF3-AF5E-357C827680DC}.Release|ARM.ActiveCfg = Release|ARM
		{A35D7F33-DF88-4AF3-AF5E-357C827680DC}.Release|ARM.Build.0 = Release|ARM
		{A35D7F33-DF88-4AF3-AF5E-357C827680DC}.Release|ARM.Deploy.0 = Release|ARM
		{A35D7F33-DF88-4AF3-AF5E-357C827680DC}.Release|iPhone.ActiveCfg = Release|x86
		{A35D7F33-DF88-4AF3-AF5E-357C827680DC}.Release|iPhone.Build.0 = Release|x86
		{A35D7F33-DF88-4AF3-AF5E-357C827680DC}.Release|iPhone.Deploy.0 = Release|x86
		{A35D7F33-DF88-4AF3-AF5E-357C827680DC}.Release|iPhoneSimulator.ActiveCfg = Release|x86
		{A35D7F33-DF88-4AF3-AF5E-357C827680DC}.Release|iPhoneSimulator.Build.0 = Release|x86
		{A35D7F33-DF88-4AF3-AF5E-357C827680DC}.Release|iPhoneSimulator.Deploy.0 = Release|x86
		{A35D7F33-DF88-4AF3-AF5E-357C827680DC}.Release|x64.ActiveCfg = Release|x64
		{A35D7F33-DF88-4AF3-AF5E-357C827680DC}.Release|x64.Build.0 = Release|x64
		{A35D7F33-DF88-4AF3-AF5E-357C827680DC}.Release|x64.Deploy.0 = Release|x64
		{A35D7F33-DF88-4AF3-AF5E-357C827680DC}.Release|x86.ActiveCfg = Release|x86
		{A35D7F33-DF88-4AF3-AF5E-357C827680DC}.Release|x86.Build.0 = Release|x86
		{A35D7F33-DF88-4AF3-AF5E-357C827680DC}.Release|x86.Deploy.0 = Release|x86
		{D4FDA813-9E24-433E-B002-D0BEBFF9679B}.Ad-Hoc|Any CPU.ActiveCfg = Debug|Any CPU
		{D4FDA813-9E24-433E-B002-D0BEBFF9679B}.Ad-Hoc|Any CPU.Build.0 = Debug|Any CPU
		{D4FDA813-9E24-433E-B002-D0BEBFF9679B}.Ad-Hoc|Any CPU.Deploy.0 = Debug|Any CPU
		{D4FDA813-9E24-433E-B002-D0BEBFF9679B}.Ad-Hoc|ARM.ActiveCfg = Debug|Any CPU
		{D4FDA813-9E24-433E-B002-D0BEBFF9679B}.Ad-Hoc|ARM.Build.0 = Debug|Any CPU
		{D4FDA813-9E24-433E-B002-D0BEBFF9679B}.Ad-Hoc|ARM.Deploy.0 = Debug|Any CPU
		{D4FDA813-9E24-433E-B002-D0BEBFF9679B}.Ad-Hoc|iPhone.ActiveCfg = Debug|Any CPU
		{D4FDA813-9E24-433E-B002-D0BEBFF9679B}.Ad-Hoc|iPhone.Build.0 = Debug|Any CPU
		{D4FDA813-9E24-433E-B002-D0BEBFF9679B}.Ad-Hoc|iPhone.Deploy.0 = Debug|Any CPU
		{D4FDA813-9E24-433E-B002-D0BEBFF9679B}.Ad-Hoc|iPhoneSimulator.ActiveCfg = Debug|Any CPU
		{D4FDA813-9E24-433E-B002-D0BEBFF9679B}.Ad-Hoc|iPhoneSimulator.Build.0 = Debug|Any CPU
		{D4FDA813-9E24-433E-B002-D0BEBFF9679B}.Ad-Hoc|iPhoneSimulator.Deploy.0 = Debug|Any CPU
		{D4FDA813-9E24-433E-B002-D0BEBFF9679B}.Ad-Hoc|x64.ActiveCfg = Debug|Any CPU
		{D4FDA813-9E24-433E-B002-D0BEBFF9679B}.Ad-Hoc|x64.Build.0 = Debug|Any CPU
		{D4FDA813-9E24-433E-B002-D0BEBFF9679B}.Ad-Hoc|x64.Deploy.0 = Debug|Any CPU
		{D4FDA813-9E24-433E-B002-D0BEBFF9679B}.Ad-Hoc|x86.ActiveCfg = Debug|Any CPU
		{D4FDA813-9E24-433E-B002-D0BEBFF9679B}.Ad-Hoc|x86.Build.0 = Debug|Any CPU
		{D4FDA813-9E24-433E-B002-D0BEBFF9679B}.Ad-Hoc|x86.Deploy.0 = Debug|Any CPU
		{D4FDA813-9E24-433E-B002-D0BEBFF9679B}.AppStore|Any CPU.ActiveCfg = Debug|Any CPU
		{D4FDA813-9E24-433E-B002-D0BEBFF9679B}.AppStore|Any CPU.Build.0 = Debug|Any CPU
		{D4FDA813-9E24-433E-B002-D0BEBFF9679B}.AppStore|Any CPU.Deploy.0 = Debug|Any CPU
		{D4FDA813-9E24-433E-B002-D0BEBFF9679B}.AppStore|ARM.ActiveCfg = Debug|Any CPU
		{D4FDA813-9E24-433E-B002-D0BEBFF9679B}.AppStore|ARM.Build.0 = Debug|Any CPU
		{D4FDA813-9E24-433E-B002-D0BEBFF9679B}.AppStore|ARM.Deploy.0 = Debug|Any CPU
		{D4FDA813-9E24-433E-B002-D0BEBFF9679B}.AppStore|iPhone.ActiveCfg = Debug|Any CPU
		{D4FDA813-9E24-433E-B002-D0BEBFF9679B}.AppStore|iPhone.Build.0 = Debug|Any CPU
		{D4FDA813-9E24-433E-B002-D0BEBFF9679B}.AppStore|iPhone.Deploy.0 = Debug|Any CPU
		{D4FDA813-9E24-433E-B002-D0BEBFF9679B}.AppStore|iPhoneSimulator.ActiveCfg = Debug|Any CPU
		{D4FDA813-9E24-433E-B002-D0BEBFF9679B}.AppStore|iPhoneSimulator.Build.0 = Debug|Any CPU
		{D4FDA813-9E24-433E-B002-D0BEBFF9679B}.AppStore|iPhoneSimulator.Deploy.0 = Debug|Any CPU
		{D4FDA813-9E24-433E-B002-D0BEBFF9679B}.AppStore|x64.ActiveCfg = Debug|Any CPU
		{D4FDA813-9E24-433E-B002-D0BEBFF9679B}.AppStore|x64.Build.0 = Debug|Any CPU
		{D4FDA813-9E24-433E-B002-D0BEBFF9679B}.AppStore|x64.Deploy.0 = Debug|Any CPU
		{D4FDA813-9E24-433E-B002-D0BEBFF9679B}.AppStore|x86.ActiveCfg = Debug|Any CPU
		{D4FDA813-9E24-433E-B002-D0BEBFF9679B}.AppStore|x86.Build.0 = Debug|Any CPU
		{D4FDA813-9E24-433E-B002-D0BEBFF9679B}.AppStore|x86.Deploy.0 = Debug|Any CPU
		{D4FDA813-9E24-433E-B002-D0BEBFF9679B}.Debug|Any CPU.ActiveCfg = Debug|Any CPU
		{D4FDA813-9E24-433E-B002-D0BEBFF9679B}.Debug|Any CPU.Build.0 = Debug|Any CPU
		{D4FDA813-9E24-433E-B002-D0BEBFF9679B}.Debug|Any CPU.Deploy.0 = Debug|Any CPU
		{D4FDA813-9E24-433E-B002-D0BEBFF9679B}.Debug|ARM.ActiveCfg = Debug|Any CPU
		{D4FDA813-9E24-433E-B002-D0BEBFF9679B}.Debug|ARM.Build.0 = Debug|Any CPU
		{D4FDA813-9E24-433E-B002-D0BEBFF9679B}.Debug|ARM.Deploy.0 = Debug|Any CPU
		{D4FDA813-9E24-433E-B002-D0BEBFF9679B}.Debug|iPhone.ActiveCfg = Debug|Any CPU
		{D4FDA813-9E24-433E-B002-D0BEBFF9679B}.Debug|iPhone.Build.0 = Debug|Any CPU
		{D4FDA813-9E24-433E-B002-D0BEBFF9679B}.Debug|iPhone.Deploy.0 = Debug|Any CPU
		{D4FDA813-9E24-433E-B002-D0BEBFF9679B}.Debug|iPhoneSimulator.ActiveCfg = Debug|Any CPU
		{D4FDA813-9E24-433E-B002-D0BEBFF9679B}.Debug|iPhoneSimulator.Build.0 = Debug|Any CPU
		{D4FDA813-9E24-433E-B002-D0BEBFF9679B}.Debug|iPhoneSimulator.Deploy.0 = Debug|Any CPU
		{D4FDA813-9E24-433E-B002-D0BEBFF9679B}.Debug|x64.ActiveCfg = Debug|Any CPU
		{D4FDA813-9E24-433E-B002-D0BEBFF9679B}.Debug|x64.Build.0 = Debug|Any CPU
		{D4FDA813-9E24-433E-B002-D0BEBFF9679B}.Debug|x64.Deploy.0 = Debug|Any CPU
		{D4FDA813-9E24-433E-B002-D0BEBFF9679B}.Debug|x86.ActiveCfg = Debug|Any CPU
		{D4FDA813-9E24-433E-B002-D0BEBFF9679B}.Debug|x86.Build.0 = Debug|Any CPU
		{D4FDA813-9E24-433E-B002-D0BEBFF9679B}.Debug|x86.Deploy.0 = Debug|Any CPU
		{D4FDA813-9E24-433E-B002-D0BEBFF9679B}.Release|Any CPU.ActiveCfg = Release|Any CPU
		{D4FDA813-9E24-433E-B002-D0BEBFF9679B}.Release|Any CPU.Build.0 = Release|Any CPU
		{D4FDA813-9E24-433E-B002-D0BEBFF9679B}.Release|Any CPU.Deploy.0 = Release|Any CPU
		{D4FDA813-9E24-433E-B002-D0BEBFF9679B}.Release|ARM.ActiveCfg = Release|Any CPU
		{D4FDA813-9E24-433E-B002-D0BEBFF9679B}.Release|ARM.Build.0 = Release|Any CPU
		{D4FDA813-9E24-433E-B002-D0BEBFF9679B}.Release|ARM.Deploy.0 = Release|Any CPU
		{D4FDA813-9E24-433E-B002-D0BEBFF9679B}.Release|iPhone.ActiveCfg = Release|Any CPU
		{D4FDA813-9E24-433E-B002-D0BEBFF9679B}.Release|iPhone.Build.0 = Release|Any CPU
		{D4FDA813-9E24-433E-B002-D0BEBFF9679B}.Release|iPhone.Deploy.0 = Release|Any CPU
		{D4FDA813-9E24-433E-B002-D0BEBFF9679B}.Release|iPhoneSimulator.ActiveCfg = Release|Any CPU
		{D4FDA813-9E24-433E-B002-D0BEBFF9679B}.Release|iPhoneSimulator.Build.0 = Release|Any CPU
		{D4FDA813-9E24-433E-B002-D0BEBFF9679B}.Release|iPhoneSimulator.Deploy.0 = Release|Any CPU
		{D4FDA813-9E24-433E-B002-D0BEBFF9679B}.Release|x64.ActiveCfg = Release|Any CPU
		{D4FDA813-9E24-433E-B002-D0BEBFF9679B}.Release|x64.Build.0 = Release|Any CPU
		{D4FDA813-9E24-433E-B002-D0BEBFF9679B}.Release|x64.Deploy.0 = Release|Any CPU
		{D4FDA813-9E24-433E-B002-D0BEBFF9679B}.Release|x86.ActiveCfg = Release|Any CPU
		{D4FDA813-9E24-433E-B002-D0BEBFF9679B}.Release|x86.Build.0 = Release|Any CPU
		{D4FDA813-9E24-433E-B002-D0BEBFF9679B}.Release|x86.Deploy.0 = Release|Any CPU
		{EF6AC44E-E917-4B43-8A96-53BA1DFCE44A}.Ad-Hoc|Any CPU.ActiveCfg = Release|Any CPU
		{EF6AC44E-E917-4B43-8A96-53BA1DFCE44A}.Ad-Hoc|Any CPU.Build.0 = Release|Any CPU
		{EF6AC44E-E917-4B43-8A96-53BA1DFCE44A}.Ad-Hoc|ARM.ActiveCfg = Release|Any CPU
		{EF6AC44E-E917-4B43-8A96-53BA1DFCE44A}.Ad-Hoc|ARM.Build.0 = Release|Any CPU
		{EF6AC44E-E917-4B43-8A96-53BA1DFCE44A}.Ad-Hoc|iPhone.ActiveCfg = Release|Any CPU
		{EF6AC44E-E917-4B43-8A96-53BA1DFCE44A}.Ad-Hoc|iPhone.Build.0 = Release|Any CPU
		{EF6AC44E-E917-4B43-8A96-53BA1DFCE44A}.Ad-Hoc|iPhoneSimulator.ActiveCfg = Release|Any CPU
		{EF6AC44E-E917-4B43-8A96-53BA1DFCE44A}.Ad-Hoc|iPhoneSimulator.Build.0 = Release|Any CPU
		{EF6AC44E-E917-4B43-8A96-53BA1DFCE44A}.Ad-Hoc|x64.ActiveCfg = Release|Any CPU
		{EF6AC44E-E917-4B43-8A96-53BA1DFCE44A}.Ad-Hoc|x64.Build.0 = Release|Any CPU
		{EF6AC44E-E917-4B43-8A96-53BA1DFCE44A}.Ad-Hoc|x86.ActiveCfg = Release|Any CPU
		{EF6AC44E-E917-4B43-8A96-53BA1DFCE44A}.Ad-Hoc|x86.Build.0 = Release|Any CPU
		{EF6AC44E-E917-4B43-8A96-53BA1DFCE44A}.AppStore|Any CPU.ActiveCfg = Release|Any CPU
		{EF6AC44E-E917-4B43-8A96-53BA1DFCE44A}.AppStore|Any CPU.Build.0 = Release|Any CPU
		{EF6AC44E-E917-4B43-8A96-53BA1DFCE44A}.AppStore|ARM.ActiveCfg = Release|Any CPU
		{EF6AC44E-E917-4B43-8A96-53BA1DFCE44A}.AppStore|ARM.Build.0 = Release|Any CPU
		{EF6AC44E-E917-4B43-8A96-53BA1DFCE44A}.AppStore|iPhone.ActiveCfg = Release|Any CPU
		{EF6AC44E-E917-4B43-8A96-53BA1DFCE44A}.AppStore|iPhone.Build.0 = Release|Any CPU
		{EF6AC44E-E917-4B43-8A96-53BA1DFCE44A}.AppStore|iPhoneSimulator.ActiveCfg = Release|Any CPU
		{EF6AC44E-E917-4B43-8A96-53BA1DFCE44A}.AppStore|iPhoneSimulator.Build.0 = Release|Any CPU
		{EF6AC44E-E917-4B43-8A96-53BA1DFCE44A}.AppStore|x64.ActiveCfg = Release|Any CPU
		{EF6AC44E-E917-4B43-8A96-53BA1DFCE44A}.AppStore|x64.Build.0 = Release|Any CPU
		{EF6AC44E-E917-4B43-8A96-53BA1DFCE44A}.AppStore|x86.ActiveCfg = Release|Any CPU
		{EF6AC44E-E917-4B43-8A96-53BA1DFCE44A}.AppStore|x86.Build.0 = Release|Any CPU
		{EF6AC44E-E917-4B43-8A96-53BA1DFCE44A}.Debug|Any CPU.ActiveCfg = Debug|Any CPU
		{EF6AC44E-E917-4B43-8A96-53BA1DFCE44A}.Debug|Any CPU.Build.0 = Debug|Any CPU
		{EF6AC44E-E917-4B43-8A96-53BA1DFCE44A}.Debug|ARM.ActiveCfg = Debug|Any CPU
		{EF6AC44E-E917-4B43-8A96-53BA1DFCE44A}.Debug|ARM.Build.0 = Debug|Any CPU
		{EF6AC44E-E917-4B43-8A96-53BA1DFCE44A}.Debug|iPhone.ActiveCfg = Debug|Any CPU
		{EF6AC44E-E917-4B43-8A96-53BA1DFCE44A}.Debug|iPhone.Build.0 = Debug|Any CPU
		{EF6AC44E-E917-4B43-8A96-53BA1DFCE44A}.Debug|iPhoneSimulator.ActiveCfg = Debug|Any CPU
		{EF6AC44E-E917-4B43-8A96-53BA1DFCE44A}.Debug|iPhoneSimulator.Build.0 = Debug|Any CPU
		{EF6AC44E-E917-4B43-8A96-53BA1DFCE44A}.Debug|x64.ActiveCfg = Debug|Any CPU
		{EF6AC44E-E917-4B43-8A96-53BA1DFCE44A}.Debug|x64.Build.0 = Debug|Any CPU
		{EF6AC44E-E917-4B43-8A96-53BA1DFCE44A}.Debug|x86.ActiveCfg = Debug|Any CPU
		{EF6AC44E-E917-4B43-8A96-53BA1DFCE44A}.Debug|x86.Build.0 = Debug|Any CPU
		{EF6AC44E-E917-4B43-8A96-53BA1DFCE44A}.Release|Any CPU.ActiveCfg = Release|Any CPU
		{EF6AC44E-E917-4B43-8A96-53BA1DFCE44A}.Release|Any CPU.Build.0 = Release|Any CPU
		{EF6AC44E-E917-4B43-8A96-53BA1DFCE44A}.Release|ARM.ActiveCfg = Release|Any CPU
		{EF6AC44E-E917-4B43-8A96-53BA1DFCE44A}.Release|ARM.Build.0 = Release|Any CPU
		{EF6AC44E-E917-4B43-8A96-53BA1DFCE44A}.Release|iPhone.ActiveCfg = Release|Any CPU
		{EF6AC44E-E917-4B43-8A96-53BA1DFCE44A}.Release|iPhone.Build.0 = Release|Any CPU
		{EF6AC44E-E917-4B43-8A96-53BA1DFCE44A}.Release|iPhoneSimulator.ActiveCfg = Release|Any CPU
		{EF6AC44E-E917-4B43-8A96-53BA1DFCE44A}.Release|iPhoneSimulator.Build.0 = Release|Any CPU
		{EF6AC44E-E917-4B43-8A96-53BA1DFCE44A}.Release|x64.ActiveCfg = Release|Any CPU
		{EF6AC44E-E917-4B43-8A96-53BA1DFCE44A}.Release|x64.Build.0 = Release|Any CPU
		{EF6AC44E-E917-4B43-8A96-53BA1DFCE44A}.Release|x86.ActiveCfg = Release|Any CPU
		{EF6AC44E-E917-4B43-8A96-53BA1DFCE44A}.Release|x86.Build.0 = Release|Any CPU
		{4FEE542E-9CC3-4263-9C82-6725A49E842F}.Ad-Hoc|Any CPU.ActiveCfg = Release|Any CPU
		{4FEE542E-9CC3-4263-9C82-6725A49E842F}.Ad-Hoc|Any CPU.Build.0 = Release|Any CPU
		{4FEE542E-9CC3-4263-9C82-6725A49E842F}.Ad-Hoc|ARM.ActiveCfg = Release|Any CPU
		{4FEE542E-9CC3-4263-9C82-6725A49E842F}.Ad-Hoc|ARM.Build.0 = Release|Any CPU
		{4FEE542E-9CC3-4263-9C82-6725A49E842F}.Ad-Hoc|iPhone.ActiveCfg = Release|Any CPU
		{4FEE542E-9CC3-4263-9C82-6725A49E842F}.Ad-Hoc|iPhone.Build.0 = Release|Any CPU
		{4FEE542E-9CC3-4263-9C82-6725A49E842F}.Ad-Hoc|iPhoneSimulator.ActiveCfg = Release|Any CPU
		{4FEE542E-9CC3-4263-9C82-6725A49E842F}.Ad-Hoc|iPhoneSimulator.Build.0 = Release|Any CPU
		{4FEE542E-9CC3-4263-9C82-6725A49E842F}.Ad-Hoc|x64.ActiveCfg = Release|Any CPU
		{4FEE542E-9CC3-4263-9C82-6725A49E842F}.Ad-Hoc|x64.Build.0 = Release|Any CPU
		{4FEE542E-9CC3-4263-9C82-6725A49E842F}.Ad-Hoc|x86.ActiveCfg = Release|Any CPU
		{4FEE542E-9CC3-4263-9C82-6725A49E842F}.Ad-Hoc|x86.Build.0 = Release|Any CPU
		{4FEE542E-9CC3-4263-9C82-6725A49E842F}.AppStore|Any CPU.ActiveCfg = Release|Any CPU
		{4FEE542E-9CC3-4263-9C82-6725A49E842F}.AppStore|Any CPU.Build.0 = Release|Any CPU
		{4FEE542E-9CC3-4263-9C82-6725A49E842F}.AppStore|ARM.ActiveCfg = Release|Any CPU
		{4FEE542E-9CC3-4263-9C82-6725A49E842F}.AppStore|ARM.Build.0 = Release|Any CPU
		{4FEE542E-9CC3-4263-9C82-6725A49E842F}.AppStore|iPhone.ActiveCfg = Release|Any CPU
		{4FEE542E-9CC3-4263-9C82-6725A49E842F}.AppStore|iPhone.Build.0 = Release|Any CPU
		{4FEE542E-9CC3-4263-9C82-6725A49E842F}.AppStore|iPhoneSimulator.ActiveCfg = Release|Any CPU
		{4FEE542E-9CC3-4263-9C82-6725A49E842F}.AppStore|iPhoneSimulator.Build.0 = Release|Any CPU
		{4FEE542E-9CC3-4263-9C82-6725A49E842F}.AppStore|x64.ActiveCfg = Release|Any CPU
		{4FEE542E-9CC3-4263-9C82-6725A49E842F}.AppStore|x64.Build.0 = Release|Any CPU
		{4FEE542E-9CC3-4263-9C82-6725A49E842F}.AppStore|x86.ActiveCfg = Release|Any CPU
		{4FEE542E-9CC3-4263-9C82-6725A49E842F}.AppStore|x86.Build.0 = Release|Any CPU
		{4FEE542E-9CC3-4263-9C82-6725A49E842F}.Debug|Any CPU.ActiveCfg = Debug|Any CPU
		{4FEE542E-9CC3-4263-9C82-6725A49E842F}.Debug|Any CPU.Build.0 = Debug|Any CPU
		{4FEE542E-9CC3-4263-9C82-6725A49E842F}.Debug|ARM.ActiveCfg = Debug|Any CPU
		{4FEE542E-9CC3-4263-9C82-6725A49E842F}.Debug|ARM.Build.0 = Debug|Any CPU
		{4FEE542E-9CC3-4263-9C82-6725A49E842F}.Debug|iPhone.ActiveCfg = Debug|Any CPU
		{4FEE542E-9CC3-4263-9C82-6725A49E842F}.Debug|iPhone.Build.0 = Debug|Any CPU
		{4FEE542E-9CC3-4263-9C82-6725A49E842F}.Debug|iPhoneSimulator.ActiveCfg = Debug|Any CPU
		{4FEE542E-9CC3-4263-9C82-6725A49E842F}.Debug|iPhoneSimulator.Build.0 = Debug|Any CPU
		{4FEE542E-9CC3-4263-9C82-6725A49E842F}.Debug|x64.ActiveCfg = Debug|Any CPU
		{4FEE542E-9CC3-4263-9C82-6725A49E842F}.Debug|x64.Build.0 = Debug|Any CPU
		{4FEE542E-9CC3-4263-9C82-6725A49E842F}.Debug|x86.ActiveCfg = Debug|Any CPU
		{4FEE542E-9CC3-4263-9C82-6725A49E842F}.Debug|x86.Build.0 = Debug|Any CPU
		{4FEE542E-9CC3-4263-9C82-6725A49E842F}.Release|Any CPU.ActiveCfg = Release|Any CPU
		{4FEE542E-9CC3-4263-9C82-6725A49E842F}.Release|Any CPU.Build.0 = Release|Any CPU
		{4FEE542E-9CC3-4263-9C82-6725A49E842F}.Release|ARM.ActiveCfg = Release|Any CPU
		{4FEE542E-9CC3-4263-9C82-6725A49E842F}.Release|ARM.Build.0 = Release|Any CPU
		{4FEE542E-9CC3-4263-9C82-6725A49E842F}.Release|iPhone.ActiveCfg = Release|Any CPU
		{4FEE542E-9CC3-4263-9C82-6725A49E842F}.Release|iPhone.Build.0 = Release|Any CPU
		{4FEE542E-9CC3-4263-9C82-6725A49E842F}.Release|iPhoneSimulator.ActiveCfg = Release|Any CPU
		{4FEE542E-9CC3-4263-9C82-6725A49E842F}.Release|iPhoneSimulator.Build.0 = Release|Any CPU
		{4FEE542E-9CC3-4263-9C82-6725A49E842F}.Release|x64.ActiveCfg = Release|Any CPU
		{4FEE542E-9CC3-4263-9C82-6725A49E842F}.Release|x64.Build.0 = Release|Any CPU
		{4FEE542E-9CC3-4263-9C82-6725A49E842F}.Release|x86.ActiveCfg = Release|Any CPU
		{4FEE542E-9CC3-4263-9C82-6725A49E842F}.Release|x86.Build.0 = Release|Any CPU
		{F497B108-2B12-49A5-99B3-B3DB12D0A0E2}.Ad-Hoc|Any CPU.ActiveCfg = Debug|Any CPU
		{F497B108-2B12-49A5-99B3-B3DB12D0A0E2}.Ad-Hoc|Any CPU.Build.0 = Debug|Any CPU
		{F497B108-2B12-49A5-99B3-B3DB12D0A0E2}.Ad-Hoc|ARM.ActiveCfg = Debug|Any CPU
		{F497B108-2B12-49A5-99B3-B3DB12D0A0E2}.Ad-Hoc|ARM.Build.0 = Debug|Any CPU
		{F497B108-2B12-49A5-99B3-B3DB12D0A0E2}.Ad-Hoc|iPhone.ActiveCfg = Debug|Any CPU
		{F497B108-2B12-49A5-99B3-B3DB12D0A0E2}.Ad-Hoc|iPhone.Build.0 = Debug|Any CPU
		{F497B108-2B12-49A5-99B3-B3DB12D0A0E2}.Ad-Hoc|iPhoneSimulator.ActiveCfg = Debug|Any CPU
		{F497B108-2B12-49A5-99B3-B3DB12D0A0E2}.Ad-Hoc|iPhoneSimulator.Build.0 = Debug|Any CPU
		{F497B108-2B12-49A5-99B3-B3DB12D0A0E2}.Ad-Hoc|x64.ActiveCfg = Debug|Any CPU
		{F497B108-2B12-49A5-99B3-B3DB12D0A0E2}.Ad-Hoc|x64.Build.0 = Debug|Any CPU
		{F497B108-2B12-49A5-99B3-B3DB12D0A0E2}.Ad-Hoc|x86.ActiveCfg = Debug|Any CPU
		{F497B108-2B12-49A5-99B3-B3DB12D0A0E2}.Ad-Hoc|x86.Build.0 = Debug|Any CPU
		{F497B108-2B12-49A5-99B3-B3DB12D0A0E2}.AppStore|Any CPU.ActiveCfg = Debug|Any CPU
		{F497B108-2B12-49A5-99B3-B3DB12D0A0E2}.AppStore|Any CPU.Build.0 = Debug|Any CPU
		{F497B108-2B12-49A5-99B3-B3DB12D0A0E2}.AppStore|ARM.ActiveCfg = Debug|Any CPU
		{F497B108-2B12-49A5-99B3-B3DB12D0A0E2}.AppStore|ARM.Build.0 = Debug|Any CPU
		{F497B108-2B12-49A5-99B3-B3DB12D0A0E2}.AppStore|iPhone.ActiveCfg = Debug|Any CPU
		{F497B108-2B12-49A5-99B3-B3DB12D0A0E2}.AppStore|iPhone.Build.0 = Debug|Any CPU
		{F497B108-2B12-49A5-99B3-B3DB12D0A0E2}.AppStore|iPhoneSimulator.ActiveCfg = Debug|Any CPU
		{F497B108-2B12-49A5-99B3-B3DB12D0A0E2}.AppStore|iPhoneSimulator.Build.0 = Debug|Any CPU
		{F497B108-2B12-49A5-99B3-B3DB12D0A0E2}.AppStore|x64.ActiveCfg = Debug|Any CPU
		{F497B108-2B12-49A5-99B3-B3DB12D0A0E2}.AppStore|x64.Build.0 = Debug|Any CPU
		{F497B108-2B12-49A5-99B3-B3DB12D0A0E2}.AppStore|x86.ActiveCfg = Debug|Any CPU
		{F497B108-2B12-49A5-99B3-B3DB12D0A0E2}.AppStore|x86.Build.0 = Debug|Any CPU
		{F497B108-2B12-49A5-99B3-B3DB12D0A0E2}.Debug|Any CPU.ActiveCfg = Debug|Any CPU
		{F497B108-2B12-49A5-99B3-B3DB12D0A0E2}.Debug|Any CPU.Build.0 = Debug|Any CPU
		{F497B108-2B12-49A5-99B3-B3DB12D0A0E2}.Debug|ARM.ActiveCfg = Debug|Any CPU
		{F497B108-2B12-49A5-99B3-B3DB12D0A0E2}.Debug|ARM.Build.0 = Debug|Any CPU
		{F497B108-2B12-49A5-99B3-B3DB12D0A0E2}.Debug|iPhone.ActiveCfg = Debug|Any CPU
		{F497B108-2B12-49A5-99B3-B3DB12D0A0E2}.Debug|iPhone.Build.0 = Debug|Any CPU
		{F497B108-2B12-49A5-99B3-B3DB12D0A0E2}.Debug|iPhoneSimulator.ActiveCfg = Debug|Any CPU
		{F497B108-2B12-49A5-99B3-B3DB12D0A0E2}.Debug|iPhoneSimulator.Build.0 = Debug|Any CPU
		{F497B108-2B12-49A5-99B3-B3DB12D0A0E2}.Debug|x64.ActiveCfg = Debug|Any CPU
		{F497B108-2B12-49A5-99B3-B3DB12D0A0E2}.Debug|x64.Build.0 = Debug|Any CPU
		{F497B108-2B12-49A5-99B3-B3DB12D0A0E2}.Debug|x86.ActiveCfg = Debug|Any CPU
		{F497B108-2B12-49A5-99B3-B3DB12D0A0E2}.Debug|x86.Build.0 = Debug|Any CPU
		{F497B108-2B12-49A5-99B3-B3DB12D0A0E2}.Release|Any CPU.ActiveCfg = Release|Any CPU
		{F497B108-2B12-49A5-99B3-B3DB12D0A0E2}.Release|Any CPU.Build.0 = Release|Any CPU
		{F497B108-2B12-49A5-99B3-B3DB12D0A0E2}.Release|ARM.ActiveCfg = Release|Any CPU
		{F497B108-2B12-49A5-99B3-B3DB12D0A0E2}.Release|ARM.Build.0 = Release|Any CPU
		{F497B108-2B12-49A5-99B3-B3DB12D0A0E2}.Release|iPhone.ActiveCfg = Release|Any CPU
		{F497B108-2B12-49A5-99B3-B3DB12D0A0E2}.Release|iPhone.Build.0 = Release|Any CPU
		{F497B108-2B12-49A5-99B3-B3DB12D0A0E2}.Release|iPhoneSimulator.ActiveCfg = Release|Any CPU
		{F497B108-2B12-49A5-99B3-B3DB12D0A0E2}.Release|iPhoneSimulator.Build.0 = Release|Any CPU
		{F497B108-2B12-49A5-99B3-B3DB12D0A0E2}.Release|x64.ActiveCfg = Release|Any CPU
		{F497B108-2B12-49A5-99B3-B3DB12D0A0E2}.Release|x64.Build.0 = Release|Any CPU
		{F497B108-2B12-49A5-99B3-B3DB12D0A0E2}.Release|x86.ActiveCfg = Release|Any CPU
		{F497B108-2B12-49A5-99B3-B3DB12D0A0E2}.Release|x86.Build.0 = Release|Any CPU
	EndGlobalSection
	GlobalSection(SolutionProperties) = preSolution
		HideSolutionNode = FALSE
	EndGlobalSection
	GlobalSection(NestedProjects) = preSolution
		{EF6AC44E-E917-4B43-8A96-53BA1DFCE44A} = {19464DBF-EAD1-490E-BE60-616595DF9AB2}
		{4FEE542E-9CC3-4263-9C82-6725A49E842F} = {19464DBF-EAD1-490E-BE60-616595DF9AB2}
		{F497B108-2B12-49A5-99B3-B3DB12D0A0E2} = {19464DBF-EAD1-490E-BE60-616595DF9AB2}
	EndGlobalSection
	GlobalSection(ExtensibilityGlobals) = postSolution
		SolutionGuid = {25B9767F-7A60-43A3-8B2B-1A3CEB171EDE}
	EndGlobalSection
EndGlobal
